// !$*UTF8*$!
{
	archiveVersion = 1;
	classes = {
	};
	objectVersion = 56;
	objects = {

/* Begin PBXBuildFile section */
		E825DA402AA86E3F0030E036 /* DocsApp.swift in Sources */ = {isa = PBXBuildFile; fileRef = E825DA3F2AA86E3F0030E036 /* DocsApp.swift */; };
		E825DA422AA86E3F0030E036 /* DocsDocument.swift in Sources */ = {isa = PBXBuildFile; fileRef = E825DA412AA86E3F0030E036 /* DocsDocument.swift */; };
		E825DA442AA86E3F0030E036 /* ContentView.swift in Sources */ = {isa = PBXBuildFile; fileRef = E825DA432AA86E3F0030E036 /* ContentView.swift */; };
		E825DA462AA86E420030E036 /* Assets.xcassets in Resources */ = {isa = PBXBuildFile; fileRef = E825DA452AA86E420030E036 /* Assets.xcassets */; };
		E825DA492AA86E420030E036 /* Preview Assets.xcassets in Resources */ = {isa = PBXBuildFile; fileRef = E825DA482AA86E420030E036 /* Preview Assets.xcassets */; };
		E825DA552AA86E420030E036 /* DocsTests.swift in Sources */ = {isa = PBXBuildFile; fileRef = E825DA542AA86E420030E036 /* DocsTests.swift */; };
		E825DA5F2AA86E420030E036 /* DocsUITests.swift in Sources */ = {isa = PBXBuildFile; fileRef = E825DA5E2AA86E420030E036 /* DocsUITests.swift */; };
		E825DA612AA86E420030E036 /* DocsUITestsLaunchTests.swift in Sources */ = {isa = PBXBuildFile; fileRef = E825DA602AA86E420030E036 /* DocsUITestsLaunchTests.swift */; };
		E88E0EBB2AA895CD00D21CF4 /* DocsView.swift in Sources */ = {isa = PBXBuildFile; fileRef = E88E0EBA2AA895CD00D21CF4 /* DocsView.swift */; };
/* End PBXBuildFile section */

/* Begin PBXContainerItemProxy section */
		E825DA512AA86E420030E036 /* PBXContainerItemProxy */ = {
			isa = PBXContainerItemProxy;
			containerPortal = E825DA342AA86E3F0030E036 /* Project object */;
			proxyType = 1;
			remoteGlobalIDString = E825DA3B2AA86E3F0030E036;
			remoteInfo = Docs;
		};
		E825DA5B2AA86E420030E036 /* PBXContainerItemProxy */ = {
			isa = PBXContainerItemProxy;
			containerPortal = E825DA342AA86E3F0030E036 /* Project object */;
			proxyType = 1;
			remoteGlobalIDString = E825DA3B2AA86E3F0030E036;
			remoteInfo = Docs;
		};
/* End PBXContainerItemProxy section */

/* Begin PBXFileReference section */
		E825DA3C2AA86E3F0030E036 /* Docs.app */ = {isa = PBXFileReference; explicitFileType = wrapper.application; includeInIndex = 0; path = Docs.app; sourceTree = BUILT_PRODUCTS_DIR; };
		E825DA3F2AA86E3F0030E036 /* DocsApp.swift */ = {isa = PBXFileReference; lastKnownFileType = sourcecode.swift; path = DocsApp.swift; sourceTree = "<group>"; };
		E825DA412AA86E3F0030E036 /* DocsDocument.swift */ = {isa = PBXFileReference; lastKnownFileType = sourcecode.swift; path = DocsDocument.swift; sourceTree = "<group>"; };
		E825DA432AA86E3F0030E036 /* ContentView.swift */ = {isa = PBXFileReference; lastKnownFileType = sourcecode.swift; path = ContentView.swift; sourceTree = "<group>"; };
		E825DA452AA86E420030E036 /* Assets.xcassets */ = {isa = PBXFileReference; lastKnownFileType = folder.assetcatalog; path = Assets.xcassets; sourceTree = "<group>"; };
		E825DA482AA86E420030E036 /* Preview Assets.xcassets */ = {isa = PBXFileReference; lastKnownFileType = folder.assetcatalog; path = "Preview Assets.xcassets"; sourceTree = "<group>"; };
		E825DA4A2AA86E420030E036 /* Info.plist */ = {isa = PBXFileReference; lastKnownFileType = text.plist.xml; path = Info.plist; sourceTree = "<group>"; };
		E825DA4B2AA86E420030E036 /* Docs.entitlements */ = {isa = PBXFileReference; lastKnownFileType = text.plist.entitlements; path = Docs.entitlements; sourceTree = "<group>"; };
		E825DA502AA86E420030E036 /* DocsTests.xctest */ = {isa = PBXFileReference; explicitFileType = wrapper.cfbundle; includeInIndex = 0; path = DocsTests.xctest; sourceTree = BUILT_PRODUCTS_DIR; };
		E825DA542AA86E420030E036 /* DocsTests.swift */ = {isa = PBXFileReference; lastKnownFileType = sourcecode.swift; path = DocsTests.swift; sourceTree = "<group>"; };
		E825DA5A2AA86E420030E036 /* DocsUITests.xctest */ = {isa = PBXFileReference; explicitFileType = wrapper.cfbundle; includeInIndex = 0; path = DocsUITests.xctest; sourceTree = BUILT_PRODUCTS_DIR; };
		E825DA5E2AA86E420030E036 /* DocsUITests.swift */ = {isa = PBXFileReference; lastKnownFileType = sourcecode.swift; path = DocsUITests.swift; sourceTree = "<group>"; };
		E825DA602AA86E420030E036 /* DocsUITestsLaunchTests.swift */ = {isa = PBXFileReference; lastKnownFileType = sourcecode.swift; path = DocsUITestsLaunchTests.swift; sourceTree = "<group>"; };
		E88E0EBA2AA895CD00D21CF4 /* DocsView.swift */ = {isa = PBXFileReference; lastKnownFileType = sourcecode.swift; path = DocsView.swift; sourceTree = "<group>"; };
/* End PBXFileReference section */

/* Begin PBXFrameworksBuildPhase section */
		E825DA392AA86E3F0030E036 /* Frameworks */ = {
			isa = PBXFrameworksBuildPhase;
			buildActionMask = 2147483647;
			files = (
			);
			runOnlyForDeploymentPostprocessing = 0;
		};
		E825DA4D2AA86E420030E036 /* Frameworks */ = {
			isa = PBXFrameworksBuildPhase;
			buildActionMask = 2147483647;
			files = (
			);
			runOnlyForDeploymentPostprocessing = 0;
		};
		E825DA572AA86E420030E036 /* Frameworks */ = {
			isa = PBXFrameworksBuildPhase;
			buildActionMask = 2147483647;
			files = (
			);
			runOnlyForDeploymentPostprocessing = 0;
		};
/* End PBXFrameworksBuildPhase section */

/* Begin PBXGroup section */
		E825DA332AA86E3F0030E036 = {
			isa = PBXGroup;
			children = (
				E825DA3E2AA86E3F0030E036 /* Docs */,
				E825DA532AA86E420030E036 /* DocsTests */,
				E825DA5D2AA86E420030E036 /* DocsUITests */,
				E825DA3D2AA86E3F0030E036 /* Products */,
			);
			sourceTree = "<group>";
		};
		E825DA3D2AA86E3F0030E036 /* Products */ = {
			isa = PBXGroup;
			children = (
				E825DA3C2AA86E3F0030E036 /* Docs.app */,
				E825DA502AA86E420030E036 /* DocsTests.xctest */,
				E825DA5A2AA86E420030E036 /* DocsUITests.xctest */,
			);
			name = Products;
			sourceTree = "<group>";
		};
		E825DA3E2AA86E3F0030E036 /* Docs */ = {
			isa = PBXGroup;
			children = (
				E825DA3F2AA86E3F0030E036 /* DocsApp.swift */,
				E825DA412AA86E3F0030E036 /* DocsDocument.swift */,
				E88E0EBA2AA895CD00D21CF4 /* DocsView.swift */,
				E825DA432AA86E3F0030E036 /* ContentView.swift */,
				E825DA452AA86E420030E036 /* Assets.xcassets */,
				E825DA4A2AA86E420030E036 /* Info.plist */,
				E825DA4B2AA86E420030E036 /* Docs.entitlements */,
				E825DA472AA86E420030E036 /* Preview Content */,
			);
			path = Docs;
			sourceTree = "<group>";
		};
		E825DA472AA86E420030E036 /* Preview Content */ = {
			isa = PBXGroup;
			children = (
				E825DA482AA86E420030E036 /* Preview Assets.xcassets */,
			);
			path = "Preview Content";
			sourceTree = "<group>";
		};
		E825DA532AA86E420030E036 /* DocsTests */ = {
			isa = PBXGroup;
			children = (
				E825DA542AA86E420030E036 /* DocsTests.swift */,
			);
			path = DocsTests;
			sourceTree = "<group>";
		};
		E825DA5D2AA86E420030E036 /* DocsUITests */ = {
			isa = PBXGroup;
			children = (
				E825DA5E2AA86E420030E036 /* DocsUITests.swift */,
				E825DA602AA86E420030E036 /* DocsUITestsLaunchTests.swift */,
			);
			path = DocsUITests;
			sourceTree = "<group>";
		};
/* End PBXGroup section */

/* Begin PBXNativeTarget section */
		E825DA3B2AA86E3F0030E036 /* Docs */ = {
			isa = PBXNativeTarget;
			buildConfigurationList = E825DA642AA86E420030E036 /* Build configuration list for PBXNativeTarget "Docs" */;
			buildPhases = (
				E825DA382AA86E3F0030E036 /* Sources */,
				E825DA392AA86E3F0030E036 /* Frameworks */,
				E825DA3A2AA86E3F0030E036 /* Resources */,
			);
			buildRules = (
			);
			dependencies = (
			);
			name = Docs;
			productName = Docs;
			productReference = E825DA3C2AA86E3F0030E036 /* Docs.app */;
			productType = "com.apple.product-type.application";
		};
		E825DA4F2AA86E420030E036 /* DocsTests */ = {
			isa = PBXNativeTarget;
			buildConfigurationList = E825DA672AA86E420030E036 /* Build configuration list for PBXNativeTarget "DocsTests" */;
			buildPhases = (
				E825DA4C2AA86E420030E036 /* Sources */,
				E825DA4D2AA86E420030E036 /* Frameworks */,
				E825DA4E2AA86E420030E036 /* Resources */,
			);
			buildRules = (
			);
			dependencies = (
				E825DA522AA86E420030E036 /* PBXTargetDependency */,
			);
			name = DocsTests;
			productName = DocsTests;
			productReference = E825DA502AA86E420030E036 /* DocsTests.xctest */;
			productType = "com.apple.product-type.bundle.unit-test";
		};
		E825DA592AA86E420030E036 /* DocsUITests */ = {
			isa = PBXNativeTarget;
			buildConfigurationList = E825DA6A2AA86E420030E036 /* Build configuration list for PBXNativeTarget "DocsUITests" */;
			buildPhases = (
				E825DA562AA86E420030E036 /* Sources */,
				E825DA572AA86E420030E036 /* Frameworks */,
				E825DA582AA86E420030E036 /* Resources */,
			);
			buildRules = (
			);
			dependencies = (
				E825DA5C2AA86E420030E036 /* PBXTargetDependency */,
			);
			name = DocsUITests;
			productName = DocsUITests;
			productReference = E825DA5A2AA86E420030E036 /* DocsUITests.xctest */;
			productType = "com.apple.product-type.bundle.ui-testing";
		};
/* End PBXNativeTarget section */

/* Begin PBXProject section */
		E825DA342AA86E3F0030E036 /* Project object */ = {
			isa = PBXProject;
			attributes = {
				BuildIndependentTargetsInParallel = 1;
				LastSwiftUpdateCheck = 1420;
				LastUpgradeCheck = 1420;
				TargetAttributes = {
					E825DA3B2AA86E3F0030E036 = {
						CreatedOnToolsVersion = 14.2;
					};
					E825DA4F2AA86E420030E036 = {
						CreatedOnToolsVersion = 14.2;
						TestTargetID = E825DA3B2AA86E3F0030E036;
					};
					E825DA592AA86E420030E036 = {
						CreatedOnToolsVersion = 14.2;
						TestTargetID = E825DA3B2AA86E3F0030E036;
					};
				};
			};
			buildConfigurationList = E825DA372AA86E3F0030E036 /* Build configuration list for PBXProject "Docs" */;
			compatibilityVersion = "Xcode 14.0";
			developmentRegion = en;
			hasScannedForEncodings = 0;
			knownRegions = (
				en,
				Base,
			);
			mainGroup = E825DA332AA86E3F0030E036;
			productRefGroup = E825DA3D2AA86E3F0030E036 /* Products */;
			projectDirPath = "";
			projectRoot = "";
			targets = (
				E825DA3B2AA86E3F0030E036 /* Docs */,
				E825DA4F2AA86E420030E036 /* DocsTests */,
				E825DA592AA86E420030E036 /* DocsUITests */,
			);
		};
/* End PBXProject section */

/* Begin PBXResourcesBuildPhase section */
		E825DA3A2AA86E3F0030E036 /* Resources */ = {
			isa = PBXResourcesBuildPhase;
			buildActionMask = 2147483647;
			files = (
				E825DA492AA86E420030E036 /* Preview Assets.xcassets in Resources */,
				E825DA462AA86E420030E036 /* Assets.xcassets in Resources */,
			);
			runOnlyForDeploymentPostprocessing = 0;
		};
		E825DA4E2AA86E420030E036 /* Resources */ = {
			isa = PBXResourcesBuildPhase;
			buildActionMask = 2147483647;
			files = (
			);
			runOnlyForDeploymentPostprocessing = 0;
		};
		E825DA582AA86E420030E036 /* Resources */ = {
			isa = PBXResourcesBuildPhase;
			buildActionMask = 2147483647;
			files = (
			);
			runOnlyForDeploymentPostprocessing = 0;
		};
/* End PBXResourcesBuildPhase section */

/* Begin PBXSourcesBuildPhase section */
		E825DA382AA86E3F0030E036 /* Sources */ = {
			isa = PBXSourcesBuildPhase;
			buildActionMask = 2147483647;
			files = (
				E825DA402AA86E3F0030E036 /* DocsApp.swift in Sources */,
				E88E0EBB2AA895CD00D21CF4 /* DocsView.swift in Sources */,
				E825DA422AA86E3F0030E036 /* DocsDocument.swift in Sources */,
				E825DA442AA86E3F0030E036 /* ContentView.swift in Sources */,
			);
			runOnlyForDeploymentPostprocessing = 0;
		};
		E825DA4C2AA86E420030E036 /* Sources */ = {
			isa = PBXSourcesBuildPhase;
			buildActionMask = 2147483647;
			files = (
				E825DA552AA86E420030E036 /* DocsTests.swift in Sources */,
			);
			runOnlyForDeploymentPostprocessing = 0;
		};
		E825DA562AA86E420030E036 /* Sources */ = {
			isa = PBXSourcesBuildPhase;
			buildActionMask = 2147483647;
			files = (
				E825DA5F2AA86E420030E036 /* DocsUITests.swift in Sources */,
				E825DA612AA86E420030E036 /* DocsUITestsLaunchTests.swift in Sources */,
			);
			runOnlyForDeploymentPostprocessing = 0;
		};
/* End PBXSourcesBuildPhase section */

/* Begin PBXTargetDependency section */
		E825DA522AA86E420030E036 /* PBXTargetDependency */ = {
			isa = PBXTargetDependency;
			target = E825DA3B2AA86E3F0030E036 /* Docs */;
			targetProxy = E825DA512AA86E420030E036 /* PBXContainerItemProxy */;
		};
		E825DA5C2AA86E420030E036 /* PBXTargetDependency */ = {
			isa = PBXTargetDependency;
			target = E825DA3B2AA86E3F0030E036 /* Docs */;
			targetProxy = E825DA5B2AA86E420030E036 /* PBXContainerItemProxy */;
		};
/* End PBXTargetDependency section */

/* Begin XCBuildConfiguration section */
		E825DA622AA86E420030E036 /* Debug */ = {
			isa = XCBuildConfiguration;
			buildSettings = {
				ALWAYS_SEARCH_USER_PATHS = NO;
				CLANG_ANALYZER_NONNULL = YES;
				CLANG_ANALYZER_NUMBER_OBJECT_CONVERSION = YES_AGGRESSIVE;
				CLANG_CXX_LANGUAGE_STANDARD = "gnu++20";
				CLANG_ENABLE_MODULES = YES;
				CLANG_ENABLE_OBJC_ARC = YES;
				CLANG_ENABLE_OBJC_WEAK = YES;
				CLANG_WARN_BLOCK_CAPTURE_AUTORELEASING = YES;
				CLANG_WARN_BOOL_CONVERSION = YES;
				CLANG_WARN_COMMA = YES;
				CLANG_WARN_CONSTANT_CONVERSION = YES;
				CLANG_WARN_DEPRECATED_OBJC_IMPLEMENTATIONS = YES;
				CLANG_WARN_DIRECT_OBJC_ISA_USAGE = YES_ERROR;
				CLANG_WARN_DOCUMENTATION_COMMENTS = YES;
				CLANG_WARN_EMPTY_BODY = YES;
				CLANG_WARN_ENUM_CONVERSION = YES;
				CLANG_WARN_INFINITE_RECURSION = YES;
				CLANG_WARN_INT_CONVERSION = YES;
				CLANG_WARN_NON_LITERAL_NULL_CONVERSION = YES;
				CLANG_WARN_OBJC_IMPLICIT_RETAIN_SELF = YES;
				CLANG_WARN_OBJC_LITERAL_CONVERSION = YES;
				CLANG_WARN_OBJC_ROOT_CLASS = YES_ERROR;
				CLANG_WARN_QUOTED_INCLUDE_IN_FRAMEWORK_HEADER = YES;
				CLANG_WARN_RANGE_LOOP_ANALYSIS = YES;
				CLANG_WARN_STRICT_PROTOTYPES = YES;
				CLANG_WARN_SUSPICIOUS_MOVE = YES;
				CLANG_WARN_UNGUARDED_AVAILABILITY = YES_AGGRESSIVE;
				CLANG_WARN_UNREACHABLE_CODE = YES;
				CLANG_WARN__DUPLICATE_METHOD_MATCH = YES;
				COPY_PHASE_STRIP = NO;
				DEBUG_INFORMATION_FORMAT = dwarf;
				ENABLE_STRICT_OBJC_MSGSEND = YES;
				ENABLE_TESTABILITY = YES;
				GCC_C_LANGUAGE_STANDARD = gnu11;
				GCC_DYNAMIC_NO_PIC = NO;
				GCC_NO_COMMON_BLOCKS = YES;
				GCC_OPTIMIZATION_LEVEL = 0;
				GCC_PREPROCESSOR_DEFINITIONS = (
					"DEBUG=1",
					"$(inherited)",
				);
				GCC_WARN_64_TO_32_BIT_CONVERSION = YES;
				GCC_WARN_ABOUT_RETURN_TYPE = YES_ERROR;
				GCC_WARN_UNDECLARED_SELECTOR = YES;
				GCC_WARN_UNINITIALIZED_AUTOS = YES_AGGRESSIVE;
				GCC_WARN_UNUSED_FUNCTION = YES;
				GCC_WARN_UNUSED_VARIABLE = YES;
				MACOSX_DEPLOYMENT_TARGET = 12.6;
				MTL_ENABLE_DEBUG_INFO = INCLUDE_SOURCE;
				MTL_FAST_MATH = YES;
				ONLY_ACTIVE_ARCH = YES;
				SDKROOT = macosx;
				SWIFT_ACTIVE_COMPILATION_CONDITIONS = DEBUG;
				SWIFT_OPTIMIZATION_LEVEL = "-Onone";
			};
			name = Debug;
		};
		E825DA632AA86E420030E036 /* Release */ = {
			isa = XCBuildConfiguration;
			buildSettings = {
				ALWAYS_SEARCH_USER_PATHS = NO;
				CLANG_ANALYZER_NONNULL = YES;
				CLANG_ANALYZER_NUMBER_OBJECT_CONVERSION = YES_AGGRESSIVE;
				CLANG_CXX_LANGUAGE_STANDARD = "gnu++20";
				CLANG_ENABLE_MODULES = YES;
				CLANG_ENABLE_OBJC_ARC = YES;
				CLANG_ENABLE_OBJC_WEAK = YES;
				CLANG_WARN_BLOCK_CAPTURE_AUTORELEASING = YES;
				CLANG_WARN_BOOL_CONVERSION = YES;
				CLANG_WARN_COMMA = YES;
				CLANG_WARN_CONSTANT_CONVERSION = YES;
				CLANG_WARN_DEPRECATED_OBJC_IMPLEMENTATIONS = YES;
				CLANG_WARN_DIRECT_OBJC_ISA_USAGE = YES_ERROR;
				CLANG_WARN_DOCUMENTATION_COMMENTS = YES;
				CLANG_WARN_EMPTY_BODY = YES;
				CLANG_WARN_ENUM_CONVERSION = YES;
				CLANG_WARN_INFINITE_RECURSION = YES;
				CLANG_WARN_INT_CONVERSION = YES;
				CLANG_WARN_NON_LITERAL_NULL_CONVERSION = YES;
				CLANG_WARN_OBJC_IMPLICIT_RETAIN_SELF = YES;
				CLANG_WARN_OBJC_LITERAL_CONVERSION = YES;
				CLANG_WARN_OBJC_ROOT_CLASS = YES_ERROR;
				CLANG_WARN_QUOTED_INCLUDE_IN_FRAMEWORK_HEADER = YES;
				CLANG_WARN_RANGE_LOOP_ANALYSIS = YES;
				CLANG_WARN_STRICT_PROTOTYPES = YES;
				CLANG_WARN_SUSPICIOUS_MOVE = YES;
				CLANG_WARN_UNGUARDED_AVAILABILITY = YES_AGGRESSIVE;
				CLANG_WARN_UNREACHABLE_CODE = YES;
				CLANG_WARN__DUPLICATE_METHOD_MATCH = YES;
				COPY_PHASE_STRIP = NO;
				DEBUG_INFORMATION_FORMAT = "dwarf-with-dsym";
				ENABLE_NS_ASSERTIONS = NO;
				ENABLE_STRICT_OBJC_MSGSEND = YES;
				GCC_C_LANGUAGE_STANDARD = gnu11;
				GCC_NO_COMMON_BLOCKS = YES;
				GCC_WARN_64_TO_32_BIT_CONVERSION = YES;
				GCC_WARN_ABOUT_RETURN_TYPE = YES_ERROR;
				GCC_WARN_UNDECLARED_SELECTOR = YES;
				GCC_WARN_UNINITIALIZED_AUTOS = YES_AGGRESSIVE;
				GCC_WARN_UNUSED_FUNCTION = YES;
				GCC_WARN_UNUSED_VARIABLE = YES;
				MACOSX_DEPLOYMENT_TARGET = 12.6;
				MTL_ENABLE_DEBUG_INFO = NO;
				MTL_FAST_MATH = YES;
				SDKROOT = macosx;
				SWIFT_COMPILATION_MODE = wholemodule;
				SWIFT_OPTIMIZATION_LEVEL = "-O";
			};
			name = Release;
		};
		E825DA652AA86E420030E036 /* Debug */ = {
			isa = XCBuildConfiguration;
			buildSettings = {
				ASSETCATALOG_COMPILER_APPICON_NAME = AppIcon;
				ASSETCATALOG_COMPILER_GLOBAL_ACCENT_COLOR_NAME = AccentColor;
				CODE_SIGN_ENTITLEMENTS = Docs/Docs.entitlements;
				CODE_SIGN_STYLE = Automatic;
				COMBINE_HIDPI_IMAGES = YES;
				CURRENT_PROJECT_VERSION = 1;
				DEVELOPMENT_ASSET_PATHS = "\"Docs/Preview Content\"";
				DEVELOPMENT_TEAM = 2NQ5GXJCVU;
				ENABLE_HARDENED_RUNTIME = YES;
				ENABLE_PREVIEWS = YES;
				GENERATE_INFOPLIST_FILE = YES;
				INFOPLIST_FILE = Docs/Info.plist;
				INFOPLIST_KEY_NSHumanReadableCopyright = "";
				LD_RUNPATH_SEARCH_PATHS = (
					"$(inherited)",
					"@executable_path/../Frameworks",
				);
				MARKETING_VERSION = 1.0;
				PRODUCT_BUNDLE_IDENTIFIER = "com.s-mehrdad.Docs";
				PRODUCT_NAME = "$(TARGET_NAME)";
				SWIFT_EMIT_LOC_STRINGS = YES;
				SWIFT_VERSION = 5.0;
			};
			name = Debug;
		};
		E825DA662AA86E420030E036 /* Release */ = {
			isa = XCBuildConfiguration;
			buildSettings = {
				ASSETCATALOG_COMPILER_APPICON_NAME = AppIcon;
				ASSETCATALOG_COMPILER_GLOBAL_ACCENT_COLOR_NAME = AccentColor;
				CODE_SIGN_ENTITLEMENTS = Docs/Docs.entitlements;
				CODE_SIGN_STYLE = Automatic;
				COMBINE_HIDPI_IMAGES = YES;
				CURRENT_PROJECT_VERSION = 1;
				DEVELOPMENT_ASSET_PATHS = "\"Docs/Preview Content\"";
				DEVELOPMENT_TEAM = 2NQ5GXJCVU;
				ENABLE_HARDENED_RUNTIME = YES;
				ENABLE_PREVIEWS = YES;
				GENERATE_INFOPLIST_FILE = YES;
				INFOPLIST_FILE = Docs/Info.plist;
				INFOPLIST_KEY_NSHumanReadableCopyright = "";
				LD_RUNPATH_SEARCH_PATHS = (
					"$(inherited)",
					"@executable_path/../Frameworks",
				);
				MARKETING_VERSION = 1.0;
				PRODUCT_BUNDLE_IDENTIFIER = "com.s-mehrdad.Docs";
				PRODUCT_NAME = "$(TARGET_NAME)";
				SWIFT_EMIT_LOC_STRINGS = YES;
				SWIFT_VERSION = 5.0;
			};
			name = Release;
		};
		E825DA682AA86E420030E036 /* Debug */ = {
			isa = XCBuildConfiguration;
			buildSettings = {
				ALWAYS_EMBED_SWIFT_STANDARD_LIBRARIES = YES;
				BUNDLE_LOADER = "$(TEST_HOST)";
				CODE_SIGN_STYLE = Automatic;
				CURRENT_PROJECT_VERSION = 1;
				DEVELOPMENT_TEAM = 2NQ5GXJCVU;
				GENERATE_INFOPLIST_FILE = YES;
				MACOSX_DEPLOYMENT_TARGET = 12.6;
				MARKETING_VERSION = 1.0;
				PRODUCT_BUNDLE_IDENTIFIER = "com.s-mehrdad.DocsTests";
				PRODUCT_NAME = "$(TARGET_NAME)";
				SWIFT_EMIT_LOC_STRINGS = NO;
				SWIFT_VERSION = 5.0;
				TEST_HOST = "$(BUILT_PRODUCTS_DIR)/Docs.app/$(BUNDLE_EXECUTABLE_FOLDER_PATH)/Docs";
			};
			name = Debug;
		};
		E825DA692AA86E420030E036 /* Release */ = {
			isa = XCBuildConfiguration;
			buildSettings = {
				ALWAYS_EMBED_SWIFT_STANDARD_LIBRARIES = YES;
				BUNDLE_LOADER = "$(TEST_HOST)";
				CODE_SIGN_STYLE = Automatic;
				CURRENT_PROJECT_VERSION = 1;
				DEVELOPMENT_TEAM = 2NQ5GXJCVU;
				GENERATE_INFOPLIST_FILE = YES;
				MACOSX_DEPLOYMENT_TARGET = 12.6;
				MARKETING_VERSION = 1.0;
				PRODUCT_BUNDLE_IDENTIFIER = "com.s-mehrdad.DocsTests";
				PRODUCT_NAME = "$(TARGET_NAME)";
				SWIFT_EMIT_LOC_STRINGS = NO;
				SWIFT_VERSION = 5.0;
				TEST_HOST = "$(BUILT_PRODUCTS_DIR)/Docs.app/$(BUNDLE_EXECUTABLE_FOLDER_PATH)/Docs";
			};
			name = Release;
		};
		E825DA6B2AA86E420030E036 /* Debug */ = {
			isa = XCBuildConfiguration;
			buildSettings = {
				ALWAYS_EMBED_SWIFT_STANDARD_LIBRARIES = YES;
				CODE_SIGN_STYLE = Automatic;
				CURRENT_PROJECT_VERSION = 1;
				DEVELOPMENT_TEAM = 2NQ5GXJCVU;
				GENERATE_INFOPLIST_FILE = YES;
				MARKETING_VERSION = 1.0;
				PRODUCT_BUNDLE_IDENTIFIER = "com.s-mehrdad.DocsUITests";
				PRODUCT_NAME = "$(TARGET_NAME)";
				SWIFT_EMIT_LOC_STRINGS = NO;
				SWIFT_VERSION = 5.0;
				TEST_TARGET_NAME = Docs;
			};
			name = Debug;
		};
		E825DA6C2AA86E420030E036 /* Release */ = {
			isa = XCBuildConfiguration;
			buildSettings = {
				ALWAYS_EMBED_SWIFT_STANDARD_LIBRARIES = YES;
				CODE_SIGN_STYLE = Automatic;
				CURRENT_PROJECT_VERSION = 1;
				DEVELOPMENT_TEAM = 2NQ5GXJCVU;
				GENERATE_INFOPLIST_FILE = YES;
				MARKETING_VERSION = 1.0;
				PRODUCT_BUNDLE_IDENTIFIER = "com.s-mehrdad.DocsUITests";
				PRODUCT_NAME = "$(TARGET_NAME)";
				SWIFT_EMIT_LOC_STRINGS = NO;
				SWIFT_VERSION = 5.0;
				TEST_TARGET_NAME = Docs;
			};
			name = Release;
		};
/* End XCBuildConfiguration section */

/* Begin XCConfigurationList section */
		E825DA372AA86E3F0030E036 /* Build configuration list for PBXProject "Docs" */ = {
			isa = XCConfigurationList;
			buildConfigurations = (
				E825DA622AA86E420030E036 /* Debug */,
				E825DA632AA86E420030E036 /* Release */,
			);
			defaultConfigurationIsVisible = 0;
			defaultConfigurationName = Release;
		};
		E825DA642AA86E420030E036 /* Build configuration list for PBXNativeTarget "Docs" */ = {
			isa = XCConfigurationList;
			buildConfigurations = (
				E825DA652AA86E420030E036 /* Debug */,
				E825DA662AA86E420030E036 /* Release */,
			);
			defaultConfigurationIsVisible = 0;
			defaultConfigurationName = Release;
		};
		E825DA672AA86E420030E036 /* Build configuration list for PBXNativeTarget "DocsTests" */ = {
			isa = XCConfigurationList;
			buildConfigurations = (
				E825DA682AA86E420030E036 /* Debug */,
				E825DA692AA86E420030E036 /* Release */,
			);
			defaultConfigurationIsVisible = 0;
			defaultConfigurationName = Release;
		};
		E825DA6A2AA86E420030E036 /* Build configuration list for PBXNativeTarget "DocsUITests" */ = {
			isa = XCConfigurationList;
			buildConfigurations = (
				E825DA6B2AA86E420030E036 /* Debug */,
				E825DA6C2AA86E420030E036 /* Release */,
			);
			defaultConfigurationIsVisible = 0;
			defaultConfigurationName = Release;
		};
/* End XCConfigurationList section */
	};
	rootObject = E825DA342AA86E3F0030E036 /* Project object */;
}
